
Microsoft Visual Studio Solution File, Format Version 12.00
# Visual Studio 2013
VisualStudioVersion = 12.0.30723.0
MinimumVisualStudioVersion = 10.0.40219.1
Project("{FAE04EC0-301F-11D3-BF4B-00C04F79EFBC}") = "Randomizer", "Randomizer\Randomizer.csproj", "{9D518BCF-FA8E-4A9E-B244-8865ACA23307}"
EndProject
Project("{FAE04EC0-301F-11D3-BF4B-00C04F79EFBC}") = "RandomizerConfig", "RandomizerConfig\RandomizerConfig.csproj", "{50C8D606-717B-435D-9BF6-E8916D549D74}"
EndProject
Project("{FAE04EC0-301F-11D3-BF4B-00C04F79EFBC}") = "LinkProxy", "LinkProxy\LinkProxy.csproj", "{7EAA013C-DAFF-403B-B94F-4FD1DE5BEFB8}"
EndProject
Global
	GlobalSection(SolutionConfigurationPlatforms) = preSolution
		Debug|Any CPU = Debug|Any CPU
		Release|Any CPU = Release|Any CPU
	EndGlobalSection
	GlobalSection(ProjectConfigurationPlatforms) = postSolution
		{9D518BCF-FA8E-4A9E-B244-8865ACA23307}.Debug|Any CPU.ActiveCfg = Debug|Any CPU
		{9D518BCF-FA8E-4A9E-B244-8865ACA23307}.Debug|Any CPU.Build.0 = Debug|Any CPU
		{9D518BCF-FA8E-4A9E-B244-8865ACA23307}.Release|Any CPU.ActiveCfg = Release|Any CPU
		{9D518BCF-FA8E-4A9E-B244-8865ACA23307}.Release|Any CPU.Build.0 = Release|Any CPU
		{50C8D606-717B-435D-9BF6-E8916D549D74}.Debug|Any CPU.ActiveCfg = Debug|Any CPU
		{50C8D606-717B-435D-9BF6-E8916D549D74}.Debug|Any CPU.Build.0 = Debug|Any CPU
		{50C8D606-717B-435D-9BF6-E8916D549D74}.Release|Any CPU.ActiveCfg = Release|Any CPU
		{50C8D606-717B-435D-9BF6-E8916D549D74}.Release|Any CPU.Build.0 = Release|Any CPU
		{7EAA013C-DAFF-403B-B94F-4FD1DE5BEFB8}.Debug|Any CPU.ActiveCfg = Debug|Any CPU
		{7EAA013C-DAFF-403B-B94F-4FD1DE5BEFB8}.Debug|Any CPU.Build.0 = Debug|Any CPU
		{7EAA013C-DAFF-403B-B94F-4FD1DE5BEFB8}.Release|Any CPU.ActiveCfg = Release|Any CPU
		{7EAA013C-DAFF-403B-B94F-4FD1DE5BEFB8}.Release|Any CPU.Build.0 = Release|Any CPU
	EndGlobalSection
	GlobalSection(SolutionProperties) = preSolution
		HideSolutionNode = FALSE
	EndGlobalSection
EndGlobal
